
Microsoft Visual Studio Solution File, Format Version 12.00
# Visual Studio Version 16
VisualStudioVersion = 16.0.32407.337
MinimumVisualStudioVersion = 10.0.40219.1
Project("{FAE04EC0-301F-11D3-BF4B-00C04F79EFBC}") = "ParcialTriangulo.Entidades", "ParcialTriangulo.Entidades\ParcialTriangulo.Entidades.csproj", "{D51C4F39-993F-4B37-9A28-CBD1DD896532}"
EndProject
Project("{FAE04EC0-301F-11D3-BF4B-00C04F79EFBC}") = "ParcialTriangulo.Consola", "ParcialTriangulo.Consola\ParcialTriangulo.Consola.csproj", "{635C2A2B-9F5C-4CB6-B470-1F8E38159C83}"
EndProject
Global
	GlobalSection(SolutionConfigurationPlatforms) = preSolution
		Debug|Any CPU = Debug|Any CPU
		Release|Any CPU = Release|Any CPU
	EndGlobalSection
	GlobalSection(ProjectConfigurationPlatforms) = postSolution
		{D51C4F39-993F-4B37-9A28-CBD1DD896532}.Debug|Any CPU.ActiveCfg = Debug|Any CPU
		{D51C4F39-993F-4B37-9A28-CBD1DD896532}.Debug|Any CPU.Build.0 = Debug|Any CPU
		{D51C4F39-993F-4B37-9A28-CBD1DD896532}.Release|Any CPU.ActiveCfg = Release|Any CPU
		{D51C4F39-993F-4B37-9A28-CBD1DD896532}.Release|Any CPU.Build.0 = Release|Any CPU
		{635C2A2B-9F5C-4CB6-B470-1F8E38159C83}.Debug|Any CPU.ActiveCfg = Debug|Any CPU
		{635C2A2B-9F5C-4CB6-B470-1F8E38159C83}.Debug|Any CPU.Build.0 = Debug|Any CPU
		{635C2A2B-9F5C-4CB6-B470-1F8E38159C83}.Release|Any CPU.ActiveCfg = Release|Any CPU
		{635C2A2B-9F5C-4CB6-B470-1F8E38159C83}.Release|Any CPU.Build.0 = Release|Any CPU
	EndGlobalSection
	GlobalSection(SolutionProperties) = preSolution
		HideSolutionNode = FALSE
	EndGlobalSection
	GlobalSection(ExtensibilityGlobals) = postSolution
		SolutionGuid = {678E1C2C-2A1A-4159-917B-CBD607770169}
	EndGlobalSection
EndGlobal
